github.com/pregnor/go-mod-cycle-test/first v0.0.0-20220509112050-5dcf85a5cb80/go.mod h1:b9IwBSCrhI2RxGyguwWQW+Wv/R6DooarKvth65XnJig=
github.com/pregnor/go-mod-cycle-test/second v0.0.0-20220509112359-21bfa813114e h1:/jLxty2owkLM/WqrrtjEyszFq1Rh2lmfKP9bZus4IGc=
github.com/pregnor/go-mod-cycle-test/second v0.0.0-20220509112359-21bfa813114e/go.mod h1:Mz8TKTlsY3HVI5+2zizXuQDJtq9x2Lm7IFVrnMvmsxQ=
